PODS:
  - ai_barcode (0.0.1):
    - Flutter
    - MTBBarcodeScanner
  - camera (0.0.1):
    - Flutter
  - Flutter (1.0.0)
  - image_picker (0.0.1):
    - Flutter
  - MTBBarcodeScanner (5.0.11)
  - runevm_fl (0.0.1):
    - Flutter

DEPENDENCIES:
  - ai_barcode (from `.symlinks/plugins/ai_barcode/ios`)
  - camera (from `.symlinks/plugins/camera/ios`)
  - Flutter (from `Flutter`)
  - image_picker (from `.symlinks/plugins/image_picker/ios`)
  - runevm_fl (from `.symlinks/plugins/runevm_fl/ios`)

SPEC REPOS:
  trunk:
    - MTBBarcodeScanner

EXTERNAL SOURCES:
  ai_barcode:
    :path: ".symlinks/plugins/ai_barcode/ios"
  camera:
    :path: ".symlinks/plugins/camera/ios"
  Flutter:
    :path: Flutter
  image_picker:
    :path: ".symlinks/plugins/image_picker/ios"
  runevm_fl:
    :path: ".symlinks/plugins/runevm_fl/ios"

SPEC CHECKSUMS:
  ai_barcode: 67fb0a7b732dbb87e92b59bb90a438db9383fa2f
  camera: b9eb73c055259c6f808a9da4a0d43780f6645281
  Flutter: 50d75fe2f02b26cc09d224853bb45737f8b3214a
  image_picker: 9aa50e1d8cdacdbed739e925b7eea16d014367e6
  MTBBarcodeScanner: f453b33c4b7dfe545d8c6484ed744d55671788cb
  runevm_fl: c71862cca794d7742220fcae7383c6fd365b16d7

PODFILE CHECKSUM: aafe91acc616949ddb318b77800a7f51bffa2a4c

COCOAPODS: 1.10.2
